
Microsoft Visual Studio Solution File, Format Version 12.00
# Visual Studio Version 17
VisualStudioVersion = 17.14.36511.14 d17.14
MinimumVisualStudioVersion = 10.0.40219.1
Project("{FAE04EC0-301F-11D3-BF4B-00C04F79EFBC}") = "naptar_ikt_feladat", "naptar_ikt_feladat\naptar_ikt_feladat.csproj", "{FBFE2B43-1EC7-43C4-805E-B8776AED3E59}"
EndProject
Global
	GlobalSection(SolutionConfigurationPlatforms) = preSolution
		Debug|Any CPU = Debug|Any CPU
		Release|Any CPU = Release|Any CPU
	EndGlobalSection
	GlobalSection(ProjectConfigurationPlatforms) = postSolution
		{FBFE2B43-1EC7-43C4-805E-B8776AED3E59}.Debug|Any CPU.ActiveCfg = Debug|Any CPU
		{FBFE2B43-1EC7-43C4-805E-B8776AED3E59}.Debug|Any CPU.Build.0 = Debug|Any CPU
		{FBFE2B43-1EC7-43C4-805E-B8776AED3E59}.Release|Any CPU.ActiveCfg = Release|Any CPU
		{FBFE2B43-1EC7-43C4-805E-B8776AED3E59}.Release|Any CPU.Build.0 = Release|Any CPU
	EndGlobalSection
	GlobalSection(SolutionProperties) = preSolution
		HideSolutionNode = FALSE
	EndGlobalSection
	GlobalSection(ExtensibilityGlobals) = postSolution
		SolutionGuid = {79DFC636-CBD9-4C7D-9DF2-0F24807231D4}
	EndGlobalSection
EndGlobal
